{
  "name": "zyma",
  "lockfileVersion": 3,
  "requires": true,
  "packages": {
    "": {
      "dependencies": {
        "@codemirror/lang-angular": "^0.1.4",
        "@codemirror/lang-go": "^6.0.1",
        "@codemirror/lang-less": "^6.0.2",
        "@codemirror/lang-lezer": "^6.0.2",
        "@codemirror/lang-sass": "^6.0.2",
        "@codemirror/lang-sql": "^6.10.0",
        "@codemirror/lang-vue": "^0.1.3",
        "@codemirror/lang-xml": "^6.1.0"
      }
    },
    "node_modules/@codemirror/autocomplete": {
      "version": "6.20.0",
      "resolved": "https://registry.npmmirror.com/@codemirror/autocomplete/-/autocomplete-6.20.0.tgz",
      "integrity": "sha512-bOwvTOIJcG5FVo5gUUupiwYh8MioPLQ4UcqbcRf7UQ98X90tCa9E1kZ3Z7tqwpZxYyOvh1YTYbmZE9RTfTp5hg==",
      "license": "MIT",
      "dependencies": {
        "@codemirror/language": "^6.0.0",
        "@codemirror/state": "^6.0.0",
        "@codemirror/view": "^6.17.0",
        "@lezer/common": "^1.0.0"
      }
    },
    "node_modules/@codemirror/lang-angular": {
      "version": "0.1.4",
      "resolved": "https://registry.npmmirror.com/@codemirror/lang-angular/-/lang-angular-0.1.4.tgz",
      "integrity": "sha512-oap+gsltb/fzdlTQWD6BFF4bSLKcDnlxDsLdePiJpCVNKWXSTAbiiQeYI3UmES+BLAdkmIC1WjyztC1pi/bX4g==",
      "license": "MIT",
      "dependencies": {
        "@codemirror/lang-html": "^6.0.0",
        "@codemirror/lang-javascript": "^6.1.2",
        "@codemirror/language": "^6.0.0",
        "@lezer/common": "^1.2.0",
        "@lezer/highlight": "^1.0.0",
        "@lezer/lr": "^1.3.3"
      }
    },
    "node_modules/@codemirror/lang-css": {
      "version": "6.3.1",
      "resolved": "https://registry.npmmirror.com/@codemirror/lang-css/-/lang-css-6.3.1.tgz",
      "integrity": "sha512-kr5fwBGiGtmz6l0LSJIbno9QrifNMUusivHbnA1H6Dmqy4HZFte3UAICix1VuKo0lMPKQr2rqB+0BkKi/S3Ejg==",
      "license": "MIT",
      "dependencies": {
        "@codemirror/autocomplete": "^6.0.0",
        "@codemirror/language": "^6.0.0",
        "@codemirror/state": "^6.0.0",
        "@lezer/common": "^1.0.2",
        "@lezer/css": "^1.1.7"
      }
    },
    "node_modules/@codemirror/lang-go": {
      "version": "6.0.1",
      "resolved": "https://registry.npmmirror.com/@codemirror/lang-go/-/lang-go-6.0.1.tgz",
      "integrity": "sha512-7fNvbyNylvqCphW9HD6WFnRpcDjr+KXX/FgqXy5H5ZS0eC5edDljukm/yNgYkwTsgp2busdod50AOTIy6Jikfg==",
      "license": "MIT",
      "dependencies": {
        "@codemirror/autocomplete": "^6.0.0",
        "@codemirror/language": "^6.6.0",
        "@codemirror/state": "^6.0.0",
        "@lezer/common": "^1.0.0",
        "@lezer/go": "^1.0.0"
      }
    },
    "node_modules/@codemirror/lang-html": {
      "version": "6.4.11",
      "resolved": "https://registry.npmmirror.com/@codemirror/lang-html/-/lang-html-6.4.11.tgz",
      "integrity": "sha512-9NsXp7Nwp891pQchI7gPdTwBuSuT3K65NGTHWHNJ55HjYcHLllr0rbIZNdOzas9ztc1EUVBlHou85FFZS4BNnw==",
      "license": "MIT",
      "dependencies": {
        "@codemirror/autocomplete": "^6.0.0",
        "@codemirror/lang-css": "^6.0.0",
        "@codemirror/lang-javascript": "^6.0.0",
        "@codemirror/language": "^6.4.0",
        "@codemirror/state": "^6.0.0",
        "@codemirror/view": "^6.17.0",
        "@lezer/common": "^1.0.0",
        "@lezer/css": "^1.1.0",
        "@lezer/html": "^1.3.12"
      }
    },
    "node_modules/@codemirror/lang-javascript": {
      "version": "6.2.4",
      "resolved": "https://registry.npmmirror.com/@codemirror/lang-javascript/-/lang-javascript-6.2.4.tgz",
      "integrity": "sha512-0WVmhp1QOqZ4Rt6GlVGwKJN3KW7Xh4H2q8ZZNGZaP6lRdxXJzmjm4FqvmOojVj6khWJHIb9sp7U/72W7xQgqAA==",
      "license": "MIT",
      "dependencies": {
        "@codemirror/autocomplete": "^6.0.0",
        "@codemirror/language": "^6.6.0",
        "@codemirror/lint": "^6.0.0",
        "@codemirror/state": "^6.0.0",
        "@codemirror/view": "^6.17.0",
        "@lezer/common": "^1.0.0",
        "@lezer/javascript": "^1.0.0"
      }
    },
    "node_modules/@codemirror/lang-less": {
      "version": "6.0.2",
      "resolved": "https://registry.npmmirror.com/@codemirror/lang-less/-/lang-less-6.0.2.tgz",
      "integrity": "sha512-EYdQTG22V+KUUk8Qq582g7FMnCZeEHsyuOJisHRft/mQ+ZSZ2w51NupvDUHiqtsOy7It5cHLPGfHQLpMh9bqpQ==",
      "license": "MIT",
      "dependencies": {
        "@codemirror/lang-css": "^6.2.0",
        "@codemirror/language": "^6.0.0",
        "@lezer/common": "^1.2.0",
        "@lezer/highlight": "^1.0.0",
        "@lezer/lr": "^1.0.0"
      }
    },
    "node_modules/@codemirror/lang-lezer": {
      "version": "6.0.2",
      "resolved": "https://registry.npmmirror.com/@codemirror/lang-lezer/-/lang-lezer-6.0.2.tgz",
      "integrity": "sha512-mcVAf8lw+sCfSlr2ivMqV8JtNmOQjSXdA1vHKRtoW0OZsz1k6qhF+DX0K2TbWlAThqiGgRkRSZyYzIoEtKB2uQ==",
      "license": "MIT",
      "dependencies": {
        "@codemirror/language": "^6.0.0",
        "@codemirror/state": "^6.0.0",
        "@lezer/common": "^1.0.0",
        "@lezer/lezer": "^1.0.0"
      }
    },
    "node_modules/@codemirror/lang-sass": {
      "version": "6.0.2",
      "resolved": "https://registry.npmmirror.com/@codemirror/lang-sass/-/lang-sass-6.0.2.tgz",
      "integrity": "sha512-l/bdzIABvnTo1nzdY6U+kPAC51czYQcOErfzQ9zSm9D8GmNPD0WTW8st/CJwBTPLO8jlrbyvlSEcN20dc4iL0Q==",
      "license": "MIT",
      "dependencies": {
        "@codemirror/lang-css": "^6.2.0",
        "@codemirror/language": "^6.0.0",
        "@codemirror/state": "^6.0.0",
        "@lezer/common": "^1.0.2",
        "@lezer/sass": "^1.0.0"
      }
    },
    "node_modules/@codemirror/lang-sql": {
      "version": "6.10.0",
      "resolved": "https://registry.npmmirror.com/@codemirror/lang-sql/-/lang-sql-6.10.0.tgz",
      "integrity": "sha512-6ayPkEd/yRw0XKBx5uAiToSgGECo/GY2NoJIHXIIQh1EVwLuKoU8BP/qK0qH5NLXAbtJRLuT73hx7P9X34iO4w==",
      "license": "MIT",
      "dependencies": {
        "@codemirror/autocomplete": "^6.0.0",
        "@codemirror/language": "^6.0.0",
        "@codemirror/state": "^6.0.0",
        "@lezer/common": "^1.2.0",
        "@lezer/highlight": "^1.0.0",
        "@lezer/lr": "^1.0.0"
      }
    },
    "node_modules/@codemirror/lang-vue": {
      "version": "0.1.3",
      "resolved": "https://registry.npmmirror.com/@codemirror/lang-vue/-/lang-vue-0.1.3.tgz",
      "integrity": "sha512-QSKdtYTDRhEHCfo5zOShzxCmqKJvgGrZwDQSdbvCRJ5pRLWBS7pD/8e/tH44aVQT6FKm0t6RVNoSUWHOI5vNug==",
      "license": "MIT",
      "dependencies": {
        "@codemirror/lang-html": "^6.0.0",
        "@codemirror/lang-javascript": "^6.1.2",
        "@codemirror/language": "^6.0.0",
        "@lezer/common": "^1.2.0",
        "@lezer/highlight": "^1.0.0",
        "@lezer/lr": "^1.3.1"
      }
    },
    "node_modules/@codemirror/lang-xml": {
      "version": "6.1.0",
      "resolved": "https://registry.npmmirror.com/@codemirror/lang-xml/-/lang-xml-6.1.0.tgz",
      "integrity": "sha512-3z0blhicHLfwi2UgkZYRPioSgVTo9PV5GP5ducFH6FaHy0IAJRg+ixj5gTR1gnT/glAIC8xv4w2VL1LoZfs+Jg==",
      "license": "MIT",
      "dependencies": {
        "@codemirror/autocomplete": "^6.0.0",
        "@codemirror/language": "^6.4.0",
        "@codemirror/state": "^6.0.0",
        "@codemirror/view": "^6.0.0",
        "@lezer/common": "^1.0.0",
        "@lezer/xml": "^1.0.0"
      }
    },
    "node_modules/@codemirror/language": {
      "version": "6.12.1",
      "resolved": "https://registry.npmmirror.com/@codemirror/language/-/language-6.12.1.tgz",
      "integrity": "sha512-Fa6xkSiuGKc8XC8Cn96T+TQHYj4ZZ7RdFmXA3i9xe/3hLHfwPZdM+dqfX0Cp0zQklBKhVD8Yzc8LS45rkqcwpQ==",
      "license": "MIT",
      "dependencies": {
        "@codemirror/state": "^6.0.0",
        "@codemirror/view": "^6.23.0",
        "@lezer/common": "^1.5.0",
        "@lezer/highlight": "^1.0.0",
        "@lezer/lr": "^1.0.0",
        "style-mod": "^4.0.0"
      }
    },
    "node_modules/@codemirror/lint": {
      "version": "6.9.2",
      "resolved": "https://registry.npmmirror.com/@codemirror/lint/-/lint-6.9.2.tgz",
      "integrity": "sha512-sv3DylBiIyi+xKwRCJAAsBZZZWo82shJ/RTMymLabAdtbkV5cSKwWDeCgtUq3v8flTaXS2y1kKkICuRYtUswyQ==",
      "license": "MIT",
      "dependencies": {
        "@codemirror/state": "^6.0.0",
        "@codemirror/view": "^6.35.0",
        "crelt": "^1.0.5"
      }
    },
    "node_modules/@codemirror/state": {
      "version": "6.5.3",
      "resolved": "https://registry.npmmirror.com/@codemirror/state/-/state-6.5.3.tgz",
      "integrity": "sha512-MerMzJzlXogk2fxWFU1nKp36bY5orBG59HnPiz0G9nLRebWa0zXuv2siH6PLIHBvv5TH8CkQRqjBs0MlxCZu+A==",
      "license": "MIT",
      "dependencies": {
        "@marijn/find-cluster-break": "^1.0.0"
      }
    },
    "node_modules/@codemirror/view": {
      "version": "6.39.9",
      "resolved": "https://registry.npmmirror.com/@codemirror/view/-/view-6.39.9.tgz",
      "integrity": "sha512-miGSIfBOKC1s2oHoa80dp+BjtsL8sXsrgGlQnQuOcfvaedcQUtqddTmKbJSDkLl4mkgPvZyXuKic2HDNYcJLYA==",
      "license": "MIT",
      "dependencies": {
        "@codemirror/state": "^6.5.0",
        "crelt": "^1.0.6",
        "style-mod": "^4.1.0",
        "w3c-keyname": "^2.2.4"
      }
    },
    "node_modules/@lezer/common": {
      "version": "1.5.0",
      "resolved": "https://registry.npmmirror.com/@lezer/common/-/common-1.5.0.tgz",
      "integrity": "sha512-PNGcolp9hr4PJdXR4ix7XtixDrClScvtSCYW3rQG106oVMOOI+jFb+0+J3mbeL/53g1Zd6s0kJzaw6Ri68GmAA==",
      "license": "MIT"
    },
    "node_modules/@lezer/css": {
      "version": "1.3.0",
      "resolved": "https://registry.npmmirror.com/@lezer/css/-/css-1.3.0.tgz",
      "integrity": "sha512-pBL7hup88KbI7hXnZV3PQsn43DHy6TWyzuyk2AO9UyoXcDltvIdqWKE1dLL/45JVZ+YZkHe1WVHqO6wugZZWcw==",
      "license": "MIT",
      "dependencies": {
        "@lezer/common": "^1.2.0",
        "@lezer/highlight": "^1.0.0",
        "@lezer/lr": "^1.3.0"
      }
    },
    "node_modules/@lezer/go": {
      "version": "1.0.1",
      "resolved": "https://registry.npmmirror.com/@lezer/go/-/go-1.0.1.tgz",
      "integrity": "sha512-xToRsYxwsgJNHTgNdStpcvmbVuKxTapV0dM0wey1geMMRc9aggoVyKgzYp41D2/vVOx+Ii4hmE206kvxIXBVXQ==",
      "license": "MIT",
      "dependencies": {
        "@lezer/common": "^1.2.0",
        "@lezer/highlight": "^1.0.0",
        "@lezer/lr": "^1.3.0"
      }
    },
    "node_modules/@lezer/highlight": {
      "version": "1.2.3",
      "resolved": "https://registry.npmmirror.com/@lezer/highlight/-/highlight-1.2.3.tgz",
      "integrity": "sha512-qXdH7UqTvGfdVBINrgKhDsVTJTxactNNxLk7+UMwZhU13lMHaOBlJe9Vqp907ya56Y3+ed2tlqzys7jDkTmW0g==",
      "license": "MIT",
      "dependencies": {
        "@lezer/common": "^1.3.0"
      }
    },
    "node_modules/@lezer/html": {
      "version": "1.3.13",
      "resolved": "https://registry.npmmirror.com/@lezer/html/-/html-1.3.13.tgz",
      "integrity": "sha512-oI7n6NJml729m7pjm9lvLvmXbdoMoi2f+1pwSDJkl9d68zGr7a9Btz8NdHTGQZtW2DA25ybeuv/SyDb9D5tseg==",
      "license": "MIT",
      "dependencies": {
        "@lezer/common": "^1.2.0",
        "@lezer/highlight": "^1.0.0",
        "@lezer/lr": "^1.0.0"
      }
    },
    "node_modules/@lezer/javascript": {
      "version": "1.5.4",
      "resolved": "https://registry.npmmirror.com/@lezer/javascript/-/javascript-1.5.4.tgz",
      "integrity": "sha512-vvYx3MhWqeZtGPwDStM2dwgljd5smolYD2lR2UyFcHfxbBQebqx8yjmFmxtJ/E6nN6u1D9srOiVWm3Rb4tmcUA==",
      "license": "MIT",
      "dependencies": {
        "@lezer/common": "^1.2.0",
        "@lezer/highlight": "^1.1.3",
        "@lezer/lr": "^1.3.0"
      }
    },
    "node_modules/@lezer/lezer": {
      "version": "1.1.2",
      "resolved": "https://registry.npmmirror.com/@lezer/lezer/-/lezer-1.1.2.tgz",
      "integrity": "sha512-O8yw3CxPhzYHB1hvwbdozjnAslhhR8A5BH7vfEMof0xk3p+/DFDfZkA9Tde6J+88WgtwaHy4Sy6ThZSkaI0Evw==",
      "license": "MIT",
      "dependencies": {
        "@lezer/highlight": "^1.0.0",
        "@lezer/lr": "^1.0.0"
      }
    },
    "node_modules/@lezer/lr": {
      "version": "1.4.7",
      "resolved": "https://registry.npmmirror.com/@lezer/lr/-/lr-1.4.7.tgz",
      "integrity": "sha512-wNIFWdSUfX9Jc6ePMzxSPVgTVB4EOfDIwLQLWASyiUdHKaMsiilj9bYiGkGQCKVodd0x6bgQCV207PILGFCF9Q==",
      "license": "MIT",
      "dependencies": {
        "@lezer/common": "^1.0.0"
      }
    },
    "node_modules/@lezer/sass": {
      "version": "1.1.0",
      "resolved": "https://registry.npmmirror.com/@lezer/sass/-/sass-1.1.0.tgz",
      "integrity": "sha512-3mMGdCTUZ/84ArHOuXWQr37pnf7f+Nw9ycPUeKX+wu19b7pSMcZGLbaXwvD2APMBDOGxPmpK/O6S1v1EvLoqgQ==",
      "license": "MIT",
      "dependencies": {
        "@lezer/common": "^1.2.0",
        "@lezer/highlight": "^1.0.0",
        "@lezer/lr": "^1.0.0"
      }
    },
    "node_modules/@lezer/xml": {
      "version": "1.0.6",
      "resolved": "https://registry.npmmirror.com/@lezer/xml/-/xml-1.0.6.tgz",
      "integrity": "sha512-CdDwirL0OEaStFue/66ZmFSeppuL6Dwjlk8qk153mSQwiSH/Dlri4GNymrNWnUmPl2Um7QfV1FO9KFUyX3Twww==",
      "license": "MIT",
      "dependencies": {
        "@lezer/common": "^1.2.0",
        "@lezer/highlight": "^1.0.0",
        "@lezer/lr": "^1.0.0"
      }
    },
    "node_modules/@marijn/find-cluster-break": {
      "version": "1.0.2",
      "resolved": "https://registry.npmmirror.com/@marijn/find-cluster-break/-/find-cluster-break-1.0.2.tgz",
      "integrity": "sha512-l0h88YhZFyKdXIFNfSWpyjStDjGHwZ/U7iobcK1cQQD8sejsONdQtTVU+1wVN1PBw40PiiHB1vA5S7VTfQiP9g==",
      "license": "MIT"
    },
    "node_modules/crelt": {
      "version": "1.0.6",
      "resolved": "https://registry.npmmirror.com/crelt/-/crelt-1.0.6.tgz",
      "integrity": "sha512-VQ2MBenTq1fWZUH9DJNGti7kKv6EeAuYr3cLwxUWhIu1baTaXh4Ib5W2CqHVqib4/MqbYGJqiL3Zb8GJZr3l4g==",
      "license": "MIT"
    },
    "node_modules/style-mod": {
      "version": "4.1.3",
      "resolved": "https://registry.npmmirror.com/style-mod/-/style-mod-4.1.3.tgz",
      "integrity": "sha512-i/n8VsZydrugj3Iuzll8+x/00GH2vnYsk1eomD8QiRrSAeW6ItbCQDtfXCeJHd0iwiNagqjQkvpvREEPtW3IoQ==",
      "license": "MIT"
    },
    "node_modules/w3c-keyname": {
      "version": "2.2.8",
      "resolved": "https://registry.npmmirror.com/w3c-keyname/-/w3c-keyname-2.2.8.tgz",
      "integrity": "sha512-dpojBhNsCNN7T82Tm7k26A6G9ML3NkhDsnw9n/eoxSRlVBB4CEtIQ/KTCLI2Fwf3ataSXRhYFkQi3SlnFwPvPQ==",
      "license": "MIT"
    }
  }
}
